
Microsoft Visual Studio Solution File, Format Version 11.00
# Visual Studio 2010
Project("{2150E333-8FDC-42A3-9474-1A3956D46DE8}") = "WP7", "WP7", "{5C5057D6-7074-46CF-A903-6DCB85FFA086}"
EndProject
Project("{2150E333-8FDC-42A3-9474-1A3956D46DE8}") = "Windows", "Windows", "{9BC4C1FD-4C89-4A64-B116-796DBBD5732E}"
EndProject
Project("{2150E333-8FDC-42A3-9474-1A3956D46DE8}") = ".NET", ".NET", "{A61D8D5D-5127-4E24-BFC5-8F01637AEE89}"
EndProject
Project("{2150E333-8FDC-42A3-9474-1A3956D46DE8}") = "Editor", "Editor", "{396677E4-7CEB-43C4-9A99-6E8EE19FF92F}"
EndProject
Project("{2150E333-8FDC-42A3-9474-1A3956D46DE8}") = "Android", "Android", "{BFC123DB-B116-4E2B-B79B-DD93834A5A0B}"
EndProject
Project("{2150E333-8FDC-42A3-9474-1A3956D46DE8}") = "iOs", "iOs", "{E7DF1A31-7019-4C7D-AABD-93D18F8AD852}"
EndProject
Project("{FAE04EC0-301F-11D3-BF4B-00C04F79EFBC}") = "Phat.Zazumo.Content", "Content\Phat.Zazumo.Content.contentproj", "{CB31BB0C-3A80-4425-9B97-2065E19170E9}"
EndProject
Project("{FAE04EC0-301F-11D3-BF4B-00C04F79EFBC}") = "Phat", "Phat\Phat.csproj", "{237D245B-F4DE-4684-A33F-8FB1F49C8198}"
EndProject
Project("{FAE04EC0-301F-11D3-BF4B-00C04F79EFBC}") = "Phat.Zazumo", "Phat.Zazumo\Phat.Zazumo.csproj", "{68C6C33F-9C04-4B0F-B091-141E97DB48BF}"
EndProject
Project("{FAE04EC0-301F-11D3-BF4B-00C04F79EFBC}") = "Phat.Zazumo.Resources", "Phat.Zazumo.Resources\Phat.Zazumo.Resources.csproj", "{F8DB7F62-B17C-4FF8-80C4-753B3D37ED20}"
EndProject
Project("{FAE04EC0-301F-11D3-BF4B-00C04F79EFBC}") = "Phat.Editor.Core", "Editor\Phat.Editor.Core\Phat.Editor.Core.csproj", "{655CE77B-86AF-418F-9395-BCC9E7FC2631}"
EndProject
Project("{FAE04EC0-301F-11D3-BF4B-00C04F79EFBC}") = "Phat.Editor.Interfaces", "Editor\Phat.Editor.Interfaces\Phat.Editor.Interfaces.csproj", "{7B385E96-AD1D-41EE-8569-985D9CAF9A28}"
EndProject
Project("{FAE04EC0-301F-11D3-BF4B-00C04F79EFBC}") = "Phat.Editor.Modules.Core", "Editor\Phat.Editor.Modules.Core\Phat.Editor.Modules.Core.csproj", "{0C762F01-B92A-4370-92CA-E5A54F68BFE7}"
EndProject
Project("{FAE04EC0-301F-11D3-BF4B-00C04F79EFBC}") = "Phat.Editor.Modules.Editors", "Editor\Phat.Editor.Modules.Editors\Phat.Editor.Modules.Editors.csproj", "{2E457C79-9374-4901-9A38-FDECF3DC3C9F}"
EndProject
Project("{FAE04EC0-301F-11D3-BF4B-00C04F79EFBC}") = "Phat.Editor.Xna", "Editor\Phat.Editor.Xna\Phat.Editor.Xna.csproj", "{A15B45FE-A56C-45A7-B38D-505B6325B427}"
EndProject
Project("{2150E333-8FDC-42A3-9474-1A3956D46DE8}") = "Xbox", "Xbox", "{2D2F22DD-D826-4E1E-8654-12A8060FF82D}"
EndProject
Project("{FAE04EC0-301F-11D3-BF4B-00C04F79EFBC}") = "FarseerPhysics", "FarseerPhysics\FarseerPhysics.csproj", "{8CE73DB2-7512-4003-BFB8-BD63D526A8C0}"
EndProject
Project("{FAE04EC0-301F-11D3-BF4B-00C04F79EFBC}") = "FarseerPhysics.WP7", "WP7\FarseerPhysics.WP7\FarseerPhysics.WP7.csproj", "{1AB2BD71-0F6D-419E-A9D9-B7427EBC2780}"
EndProject
Project("{FAE04EC0-301F-11D3-BF4B-00C04F79EFBC}") = "Phat.Zazumo.Resources.WP7", "WP7\Phat.Zazumo.Resources.WP7\Phat.Zazumo.Resources.WP7.csproj", "{12B5AFA7-76A2-4B08-9847-F7015FF734F3}"
EndProject
Project("{FAE04EC0-301F-11D3-BF4B-00C04F79EFBC}") = "Phat.Zazumo.WP7", "WP7\Phat.Zazumo.WP7\Phat.Zazumo.WP7.csproj", "{26B93C96-7E42-45A0-8820-E44F98F23A83}"
EndProject
Project("{FAE04EC0-301F-11D3-BF4B-00C04F79EFBC}") = "Phat.WP7", "WP7\Phat.WP7\Phat.WP7.csproj", "{78EC42AF-AA00-4F6B-94AF-03655DE0FEB5}"
EndProject
Project("{FAE04EC0-301F-11D3-BF4B-00C04F79EFBC}") = "FarseerPhysics.Windows", "Windows\FarseerPhysics.Windows\FarseerPhysics.Windows.csproj", "{6F0DEE2E-CB97-4816-9F08-D7A76A792041}"
EndProject
Project("{FAE04EC0-301F-11D3-BF4B-00C04F79EFBC}") = "Phat.Zazumo.Resources.Windows", "Windows\Phat.Zazumo.Resources.Windows\Phat.Zazumo.Resources.Windows.csproj", "{1E893A49-8D84-4E26-BFD9-DC8D5C81E467}"
EndProject
Project("{FAE04EC0-301F-11D3-BF4B-00C04F79EFBC}") = "Phat.Windows", "Windows\Phat\Phat.Windows.csproj", "{557A49B8-E413-4C5F-9369-57A295DA6F47}"
EndProject
Project("{FAE04EC0-301F-11D3-BF4B-00C04F79EFBC}") = "FarseerPhysics.Xbox", "Xbox\FarseerPhysics.Xbox\FarseerPhysics.Xbox.csproj", "{A148BB9B-C455-4B07-91DC-45F086EF569E}"
EndProject
Project("{FAE04EC0-301F-11D3-BF4B-00C04F79EFBC}") = "Phat.Xbox", "Xbox\Phat.Xbox\Phat.Xbox.csproj", "{0E8D7D56-DE4F-4106-9311-AAAC370C75E8}"
EndProject
Project("{FAE04EC0-301F-11D3-BF4B-00C04F79EFBC}") = "Phat.Zazumo.Resources.Xbox", "Xbox\Phat.Zazumo.Resources.Xbox\Phat.Zazumo.Resources.Xbox.csproj", "{9C7D09D6-CFDC-4CBB-97DD-C0186D0125FD}"
EndProject
Project("{FAE04EC0-301F-11D3-BF4B-00C04F79EFBC}") = "Phat.Zazumo.Xbox", "Xbox\Phat.Zazumo.Xbox\Phat.Zazumo.Xbox.csproj", "{219C6CE1-5FBD-48A5-8A9D-2A8961573587}"
EndProject
Project("{2150E333-8FDC-42A3-9474-1A3956D46DE8}") = "Utilities", "Utilities", "{56CDB928-7301-4E6E-B772-0EBAE68B9517}"
EndProject
Project("{FAE04EC0-301F-11D3-BF4B-00C04F79EFBC}") = "Phat.Zazumo.Windows", "Windows\Phat.Zaumo.Windows\Phat.Zazumo.Windows.csproj", "{2F5B4711-B826-4B7F-9777-24792B24D445}"
EndProject
Project("{2150E333-8FDC-42A3-9474-1A3956D46DE8}") = "Mono", "Mono", "{FB10AC61-9536-412E-B6DF-4AAE4CD4983A}"
EndProject
Project("{FAE04EC0-301F-11D3-BF4B-00C04F79EFBC}") = "Phat.Mono", "Mono\Phat.Mono\Phat.Mono.csproj", "{12DB0C31-CF86-4A64-84B5-37E651ADB33A}"
EndProject
Project("{FAE04EC0-301F-11D3-BF4B-00C04F79EFBC}") = "MonoGame.Framework.Windows", "MonoGame\MonoGame.Framework.Windows.csproj", "{7DE47032-A904-4C29-BD22-2D235E8D91BA}"
EndProject
Project("{FAE04EC0-301F-11D3-BF4B-00C04F79EFBC}") = "FarseerPhysics.Mono", "Mono\FarseerPhysics.Mono\FarseerPhysics.Mono.csproj", "{BB8F6F66-999C-4DD0-9F22-3616CB03D3CF}"
EndProject
Project("{FAE04EC0-301F-11D3-BF4B-00C04F79EFBC}") = "Phat.Zazumo.Mono", "Mono\Phat.Zazumo.Mono\Phat.Zazumo.Mono.csproj", "{1C7727BF-C696-41B0-85F6-76F90A3CC31E}"
EndProject
Project("{FAE04EC0-301F-11D3-BF4B-00C04F79EFBC}") = "Phat.Zazumo.Resources.Mono", "Mono\Phat.Zazumo.Resources.Mono\Phat.Zazumo.Resources.Mono.csproj", "{8A7DE6EF-A410-4E5D-B2D2-F6FA20FCBD58}"
EndProject
Global
	GlobalSection(SolutionConfigurationPlatforms) = preSolution
		Debug|Any CPU = Debug|Any CPU
		Debug|Mixed Platforms = Debug|Mixed Platforms
		Debug|Windows Phone = Debug|Windows Phone
		Debug|x64 = Debug|x64
		Debug|x86 = Debug|x86
		Debug|Xbox 360 = Debug|Xbox 360
		Release|Any CPU = Release|Any CPU
		Release|Mixed Platforms = Release|Mixed Platforms
		Release|Windows Phone = Release|Windows Phone
		Release|x64 = Release|x64
		Release|x86 = Release|x86
		Release|Xbox 360 = Release|Xbox 360
	EndGlobalSection
	GlobalSection(ProjectConfigurationPlatforms) = postSolution
		{CB31BB0C-3A80-4425-9B97-2065E19170E9}.Debug|Any CPU.ActiveCfg = Debug|Windows Phone
		{CB31BB0C-3A80-4425-9B97-2065E19170E9}.Debug|Mixed Platforms.ActiveCfg = Debug|Windows Phone
		{CB31BB0C-3A80-4425-9B97-2065E19170E9}.Debug|Windows Phone.ActiveCfg = Debug|Windows Phone
		{CB31BB0C-3A80-4425-9B97-2065E19170E9}.Debug|x64.ActiveCfg = Debug|Windows Phone
		{CB31BB0C-3A80-4425-9B97-2065E19170E9}.Debug|x86.ActiveCfg = Debug|Windows Phone
		{CB31BB0C-3A80-4425-9B97-2065E19170E9}.Debug|Xbox 360.ActiveCfg = Debug|Windows Phone
		{CB31BB0C-3A80-4425-9B97-2065E19170E9}.Release|Any CPU.ActiveCfg = Release|Windows Phone
		{CB31BB0C-3A80-4425-9B97-2065E19170E9}.Release|Mixed Platforms.ActiveCfg = Release|Windows Phone
		{CB31BB0C-3A80-4425-9B97-2065E19170E9}.Release|Windows Phone.ActiveCfg = Release|Windows Phone
		{CB31BB0C-3A80-4425-9B97-2065E19170E9}.Release|x64.ActiveCfg = Release|Windows Phone
		{CB31BB0C-3A80-4425-9B97-2065E19170E9}.Release|x86.ActiveCfg = Release|Windows Phone
		{CB31BB0C-3A80-4425-9B97-2065E19170E9}.Release|Xbox 360.ActiveCfg = Release|Windows Phone
		{237D245B-F4DE-4684-A33F-8FB1F49C8198}.Debug|Any CPU.ActiveCfg = Debug|Any CPU
		{237D245B-F4DE-4684-A33F-8FB1F49C8198}.Debug|Any CPU.Build.0 = Debug|Any CPU
		{237D245B-F4DE-4684-A33F-8FB1F49C8198}.Debug|Mixed Platforms.ActiveCfg = Debug|Any CPU
		{237D245B-F4DE-4684-A33F-8FB1F49C8198}.Debug|Mixed Platforms.Build.0 = Debug|Any CPU
		{237D245B-F4DE-4684-A33F-8FB1F49C8198}.Debug|Windows Phone.ActiveCfg = Debug|Any CPU
		{237D245B-F4DE-4684-A33F-8FB1F49C8198}.Debug|x64.ActiveCfg = Debug|Any CPU
		{237D245B-F4DE-4684-A33F-8FB1F49C8198}.Debug|x86.ActiveCfg = Debug|Any CPU
		{237D245B-F4DE-4684-A33F-8FB1F49C8198}.Debug|Xbox 360.ActiveCfg = Debug|Any CPU
		{237D245B-F4DE-4684-A33F-8FB1F49C8198}.Release|Any CPU.ActiveCfg = Release|Any CPU
		{237D245B-F4DE-4684-A33F-8FB1F49C8198}.Release|Any CPU.Build.0 = Release|Any CPU
		{237D245B-F4DE-4684-A33F-8FB1F49C8198}.Release|Mixed Platforms.ActiveCfg = Release|Any CPU
		{237D245B-F4DE-4684-A33F-8FB1F49C8198}.Release|Mixed Platforms.Build.0 = Release|Any CPU
		{237D245B-F4DE-4684-A33F-8FB1F49C8198}.Release|Windows Phone.ActiveCfg = Release|Any CPU
		{237D245B-F4DE-4684-A33F-8FB1F49C8198}.Release|x64.ActiveCfg = Release|Any CPU
		{237D245B-F4DE-4684-A33F-8FB1F49C8198}.Release|x86.ActiveCfg = Release|Any CPU
		{237D245B-F4DE-4684-A33F-8FB1F49C8198}.Release|Xbox 360.ActiveCfg = Release|Any CPU
		{68C6C33F-9C04-4B0F-B091-141E97DB48BF}.Debug|Any CPU.ActiveCfg = Debug|Any CPU
		{68C6C33F-9C04-4B0F-B091-141E97DB48BF}.Debug|Any CPU.Build.0 = Debug|Any CPU
		{68C6C33F-9C04-4B0F-B091-141E97DB48BF}.Debug|Mixed Platforms.ActiveCfg = Debug|Any CPU
		{68C6C33F-9C04-4B0F-B091-141E97DB48BF}.Debug|Mixed Platforms.Build.0 = Debug|Any CPU
		{68C6C33F-9C04-4B0F-B091-141E97DB48BF}.Debug|Windows Phone.ActiveCfg = Debug|Any CPU
		{68C6C33F-9C04-4B0F-B091-141E97DB48BF}.Debug|x64.ActiveCfg = Debug|Any CPU
		{68C6C33F-9C04-4B0F-B091-141E97DB48BF}.Debug|x86.ActiveCfg = Debug|Any CPU
		{68C6C33F-9C04-4B0F-B091-141E97DB48BF}.Debug|Xbox 360.ActiveCfg = Debug|Any CPU
		{68C6C33F-9C04-4B0F-B091-141E97DB48BF}.Release|Any CPU.ActiveCfg = Release|Any CPU
		{68C6C33F-9C04-4B0F-B091-141E97DB48BF}.Release|Any CPU.Build.0 = Release|Any CPU
		{68C6C33F-9C04-4B0F-B091-141E97DB48BF}.Release|Mixed Platforms.ActiveCfg = Release|Any CPU
		{68C6C33F-9C04-4B0F-B091-141E97DB48BF}.Release|Mixed Platforms.Build.0 = Release|Any CPU
		{68C6C33F-9C04-4B0F-B091-141E97DB48BF}.Release|Windows Phone.ActiveCfg = Release|Any CPU
		{68C6C33F-9C04-4B0F-B091-141E97DB48BF}.Release|x64.ActiveCfg = Release|Any CPU
		{68C6C33F-9C04-4B0F-B091-141E97DB48BF}.Release|x86.ActiveCfg = Release|Any CPU
		{68C6C33F-9C04-4B0F-B091-141E97DB48BF}.Release|Xbox 360.ActiveCfg = Release|Any CPU
		{F8DB7F62-B17C-4FF8-80C4-753B3D37ED20}.Debug|Any CPU.ActiveCfg = Debug|Any CPU
		{F8DB7F62-B17C-4FF8-80C4-753B3D37ED20}.Debug|Any CPU.Build.0 = Debug|Any CPU
		{F8DB7F62-B17C-4FF8-80C4-753B3D37ED20}.Debug|Mixed Platforms.ActiveCfg = Debug|Any CPU
		{F8DB7F62-B17C-4FF8-80C4-753B3D37ED20}.Debug|Mixed Platforms.Build.0 = Debug|Any CPU
		{F8DB7F62-B17C-4FF8-80C4-753B3D37ED20}.Debug|Windows Phone.ActiveCfg = Debug|Any CPU
		{F8DB7F62-B17C-4FF8-80C4-753B3D37ED20}.Debug|x64.ActiveCfg = Debug|Any CPU
		{F8DB7F62-B17C-4FF8-80C4-753B3D37ED20}.Debug|x86.ActiveCfg = Debug|Any CPU
		{F8DB7F62-B17C-4FF8-80C4-753B3D37ED20}.Debug|Xbox 360.ActiveCfg = Debug|Any CPU
		{F8DB7F62-B17C-4FF8-80C4-753B3D37ED20}.Release|Any CPU.ActiveCfg = Release|Any CPU
		{F8DB7F62-B17C-4FF8-80C4-753B3D37ED20}.Release|Any CPU.Build.0 = Release|Any CPU
		{F8DB7F62-B17C-4FF8-80C4-753B3D37ED20}.Release|Mixed Platforms.ActiveCfg = Release|Any CPU
		{F8DB7F62-B17C-4FF8-80C4-753B3D37ED20}.Release|Mixed Platforms.Build.0 = Release|Any CPU
		{F8DB7F62-B17C-4FF8-80C4-753B3D37ED20}.Release|Windows Phone.ActiveCfg = Release|Any CPU
		{F8DB7F62-B17C-4FF8-80C4-753B3D37ED20}.Release|x64.ActiveCfg = Release|Any CPU
		{F8DB7F62-B17C-4FF8-80C4-753B3D37ED20}.Release|x86.ActiveCfg = Release|Any CPU
		{F8DB7F62-B17C-4FF8-80C4-753B3D37ED20}.Release|Xbox 360.ActiveCfg = Release|Any CPU
		{655CE77B-86AF-418F-9395-BCC9E7FC2631}.Debug|Any CPU.ActiveCfg = Debug|x64
		{655CE77B-86AF-418F-9395-BCC9E7FC2631}.Debug|Mixed Platforms.ActiveCfg = Debug|x64
		{655CE77B-86AF-418F-9395-BCC9E7FC2631}.Debug|Mixed Platforms.Build.0 = Debug|x64
		{655CE77B-86AF-418F-9395-BCC9E7FC2631}.Debug|Windows Phone.ActiveCfg = Debug|x64
		{655CE77B-86AF-418F-9395-BCC9E7FC2631}.Debug|x64.ActiveCfg = Debug|x64
		{655CE77B-86AF-418F-9395-BCC9E7FC2631}.Debug|x64.Build.0 = Debug|x64
		{655CE77B-86AF-418F-9395-BCC9E7FC2631}.Debug|x86.ActiveCfg = Debug|x86
		{655CE77B-86AF-418F-9395-BCC9E7FC2631}.Debug|x86.Build.0 = Debug|x86
		{655CE77B-86AF-418F-9395-BCC9E7FC2631}.Debug|Xbox 360.ActiveCfg = Debug|x64
		{655CE77B-86AF-418F-9395-BCC9E7FC2631}.Release|Any CPU.ActiveCfg = Release|x64
		{655CE77B-86AF-418F-9395-BCC9E7FC2631}.Release|Mixed Platforms.ActiveCfg = Release|x64
		{655CE77B-86AF-418F-9395-BCC9E7FC2631}.Release|Mixed Platforms.Build.0 = Release|x64
		{655CE77B-86AF-418F-9395-BCC9E7FC2631}.Release|Windows Phone.ActiveCfg = Release|x64
		{655CE77B-86AF-418F-9395-BCC9E7FC2631}.Release|x64.ActiveCfg = Release|x64
		{655CE77B-86AF-418F-9395-BCC9E7FC2631}.Release|x64.Build.0 = Release|x64
		{655CE77B-86AF-418F-9395-BCC9E7FC2631}.Release|x86.ActiveCfg = Release|x86
		{655CE77B-86AF-418F-9395-BCC9E7FC2631}.Release|x86.Build.0 = Release|x86
		{655CE77B-86AF-418F-9395-BCC9E7FC2631}.Release|Xbox 360.ActiveCfg = Release|x64
		{7B385E96-AD1D-41EE-8569-985D9CAF9A28}.Debug|Any CPU.ActiveCfg = Debug|Any CPU
		{7B385E96-AD1D-41EE-8569-985D9CAF9A28}.Debug|Any CPU.Build.0 = Debug|Any CPU
		{7B385E96-AD1D-41EE-8569-985D9CAF9A28}.Debug|Mixed Platforms.ActiveCfg = Debug|Any CPU
		{7B385E96-AD1D-41EE-8569-985D9CAF9A28}.Debug|Mixed Platforms.Build.0 = Debug|Any CPU
		{7B385E96-AD1D-41EE-8569-985D9CAF9A28}.Debug|Windows Phone.ActiveCfg = Debug|Any CPU
		{7B385E96-AD1D-41EE-8569-985D9CAF9A28}.Debug|x64.ActiveCfg = Debug|Any CPU
		{7B385E96-AD1D-41EE-8569-985D9CAF9A28}.Debug|x86.ActiveCfg = Debug|Any CPU
		{7B385E96-AD1D-41EE-8569-985D9CAF9A28}.Debug|Xbox 360.ActiveCfg = Debug|Any CPU
		{7B385E96-AD1D-41EE-8569-985D9CAF9A28}.Release|Any CPU.ActiveCfg = Release|Any CPU
		{7B385E96-AD1D-41EE-8569-985D9CAF9A28}.Release|Any CPU.Build.0 = Release|Any CPU
		{7B385E96-AD1D-41EE-8569-985D9CAF9A28}.Release|Mixed Platforms.ActiveCfg = Release|Any CPU
		{7B385E96-AD1D-41EE-8569-985D9CAF9A28}.Release|Mixed Platforms.Build.0 = Release|Any CPU
		{7B385E96-AD1D-41EE-8569-985D9CAF9A28}.Release|Windows Phone.ActiveCfg = Release|Any CPU
		{7B385E96-AD1D-41EE-8569-985D9CAF9A28}.Release|x64.ActiveCfg = Release|Any CPU
		{7B385E96-AD1D-41EE-8569-985D9CAF9A28}.Release|x86.ActiveCfg = Release|Any CPU
		{7B385E96-AD1D-41EE-8569-985D9CAF9A28}.Release|Xbox 360.ActiveCfg = Release|Any CPU
		{0C762F01-B92A-4370-92CA-E5A54F68BFE7}.Debug|Any CPU.ActiveCfg = Debug|Any CPU
		{0C762F01-B92A-4370-92CA-E5A54F68BFE7}.Debug|Any CPU.Build.0 = Debug|Any CPU
		{0C762F01-B92A-4370-92CA-E5A54F68BFE7}.Debug|Mixed Platforms.ActiveCfg = Debug|Any CPU
		{0C762F01-B92A-4370-92CA-E5A54F68BFE7}.Debug|Mixed Platforms.Build.0 = Debug|Any CPU
		{0C762F01-B92A-4370-92CA-E5A54F68BFE7}.Debug|Windows Phone.ActiveCfg = Debug|Any CPU
		{0C762F01-B92A-4370-92CA-E5A54F68BFE7}.Debug|x64.ActiveCfg = Debug|Any CPU
		{0C762F01-B92A-4370-92CA-E5A54F68BFE7}.Debug|x86.ActiveCfg = Debug|Any CPU
		{0C762F01-B92A-4370-92CA-E5A54F68BFE7}.Debug|Xbox 360.ActiveCfg = Debug|Any CPU
		{0C762F01-B92A-4370-92CA-E5A54F68BFE7}.Release|Any CPU.ActiveCfg = Release|Any CPU
		{0C762F01-B92A-4370-92CA-E5A54F68BFE7}.Release|Any CPU.Build.0 = Release|Any CPU
		{0C762F01-B92A-4370-92CA-E5A54F68BFE7}.Release|Mixed Platforms.ActiveCfg = Release|Any CPU
		{0C762F01-B92A-4370-92CA-E5A54F68BFE7}.Release|Mixed Platforms.Build.0 = Release|Any CPU
		{0C762F01-B92A-4370-92CA-E5A54F68BFE7}.Release|Windows Phone.ActiveCfg = Release|Any CPU
		{0C762F01-B92A-4370-92CA-E5A54F68BFE7}.Release|x64.ActiveCfg = Release|Any CPU
		{0C762F01-B92A-4370-92CA-E5A54F68BFE7}.Release|x86.ActiveCfg = Release|Any CPU
		{0C762F01-B92A-4370-92CA-E5A54F68BFE7}.Release|Xbox 360.ActiveCfg = Release|Any CPU
		{2E457C79-9374-4901-9A38-FDECF3DC3C9F}.Debug|Any CPU.ActiveCfg = Debug|Any CPU
		{2E457C79-9374-4901-9A38-FDECF3DC3C9F}.Debug|Any CPU.Build.0 = Debug|Any CPU
		{2E457C79-9374-4901-9A38-FDECF3DC3C9F}.Debug|Mixed Platforms.ActiveCfg = Debug|Any CPU
		{2E457C79-9374-4901-9A38-FDECF3DC3C9F}.Debug|Mixed Platforms.Build.0 = Debug|Any CPU
		{2E457C79-9374-4901-9A38-FDECF3DC3C9F}.Debug|Windows Phone.ActiveCfg = Debug|Any CPU
		{2E457C79-9374-4901-9A38-FDECF3DC3C9F}.Debug|x64.ActiveCfg = Debug|Any CPU
		{2E457C79-9374-4901-9A38-FDECF3DC3C9F}.Debug|x86.ActiveCfg = Debug|Any CPU
		{2E457C79-9374-4901-9A38-FDECF3DC3C9F}.Debug|Xbox 360.ActiveCfg = Debug|Any CPU
		{2E457C79-9374-4901-9A38-FDECF3DC3C9F}.Release|Any CPU.ActiveCfg = Release|Any CPU
		{2E457C79-9374-4901-9A38-FDECF3DC3C9F}.Release|Any CPU.Build.0 = Release|Any CPU
		{2E457C79-9374-4901-9A38-FDECF3DC3C9F}.Release|Mixed Platforms.ActiveCfg = Release|Any CPU
		{2E457C79-9374-4901-9A38-FDECF3DC3C9F}.Release|Mixed Platforms.Build.0 = Release|Any CPU
		{2E457C79-9374-4901-9A38-FDECF3DC3C9F}.Release|Windows Phone.ActiveCfg = Release|Any CPU
		{2E457C79-9374-4901-9A38-FDECF3DC3C9F}.Release|x64.ActiveCfg = Release|Any CPU
		{2E457C79-9374-4901-9A38-FDECF3DC3C9F}.Release|x86.ActiveCfg = Release|Any CPU
		{2E457C79-9374-4901-9A38-FDECF3DC3C9F}.Release|Xbox 360.ActiveCfg = Release|Any CPU
		{A15B45FE-A56C-45A7-B38D-505B6325B427}.Debug|Any CPU.ActiveCfg = Debug|Any CPU
		{A15B45FE-A56C-45A7-B38D-505B6325B427}.Debug|Any CPU.Build.0 = Debug|Any CPU
		{A15B45FE-A56C-45A7-B38D-505B6325B427}.Debug|Mixed Platforms.ActiveCfg = Debug|Any CPU
		{A15B45FE-A56C-45A7-B38D-505B6325B427}.Debug|Mixed Platforms.Build.0 = Debug|Any CPU
		{A15B45FE-A56C-45A7-B38D-505B6325B427}.Debug|Windows Phone.ActiveCfg = Debug|Any CPU
		{A15B45FE-A56C-45A7-B38D-505B6325B427}.Debug|x64.ActiveCfg = Debug|Any CPU
		{A15B45FE-A56C-45A7-B38D-505B6325B427}.Debug|x86.ActiveCfg = Debug|Any CPU
		{A15B45FE-A56C-45A7-B38D-505B6325B427}.Debug|Xbox 360.ActiveCfg = Debug|Any CPU
		{A15B45FE-A56C-45A7-B38D-505B6325B427}.Release|Any CPU.ActiveCfg = Release|Any CPU
		{A15B45FE-A56C-45A7-B38D-505B6325B427}.Release|Any CPU.Build.0 = Release|Any CPU
		{A15B45FE-A56C-45A7-B38D-505B6325B427}.Release|Mixed Platforms.ActiveCfg = Release|Any CPU
		{A15B45FE-A56C-45A7-B38D-505B6325B427}.Release|Mixed Platforms.Build.0 = Release|Any CPU
		{A15B45FE-A56C-45A7-B38D-505B6325B427}.Release|Windows Phone.ActiveCfg = Release|Any CPU
		{A15B45FE-A56C-45A7-B38D-505B6325B427}.Release|x64.ActiveCfg = Release|Any CPU
		{A15B45FE-A56C-45A7-B38D-505B6325B427}.Release|x86.ActiveCfg = Release|Any CPU
		{A15B45FE-A56C-45A7-B38D-505B6325B427}.Release|Xbox 360.ActiveCfg = Release|Any CPU
		{8CE73DB2-7512-4003-BFB8-BD63D526A8C0}.Debug|Any CPU.ActiveCfg = Debug|Any CPU
		{8CE73DB2-7512-4003-BFB8-BD63D526A8C0}.Debug|Any CPU.Build.0 = Debug|Any CPU
		{8CE73DB2-7512-4003-BFB8-BD63D526A8C0}.Debug|Mixed Platforms.ActiveCfg = Debug|Any CPU
		{8CE73DB2-7512-4003-BFB8-BD63D526A8C0}.Debug|Mixed Platforms.Build.0 = Debug|Any CPU
		{8CE73DB2-7512-4003-BFB8-BD63D526A8C0}.Debug|Windows Phone.ActiveCfg = Debug|Any CPU
		{8CE73DB2-7512-4003-BFB8-BD63D526A8C0}.Debug|x64.ActiveCfg = Debug|Any CPU
		{8CE73DB2-7512-4003-BFB8-BD63D526A8C0}.Debug|x86.ActiveCfg = Debug|Any CPU
		{8CE73DB2-7512-4003-BFB8-BD63D526A8C0}.Debug|Xbox 360.ActiveCfg = Debug|Any CPU
		{8CE73DB2-7512-4003-BFB8-BD63D526A8C0}.Release|Any CPU.ActiveCfg = Release|Any CPU
		{8CE73DB2-7512-4003-BFB8-BD63D526A8C0}.Release|Any CPU.Build.0 = Release|Any CPU
		{8CE73DB2-7512-4003-BFB8-BD63D526A8C0}.Release|Mixed Platforms.ActiveCfg = Release|Any CPU
		{8CE73DB2-7512-4003-BFB8-BD63D526A8C0}.Release|Mixed Platforms.Build.0 = Release|Any CPU
		{8CE73DB2-7512-4003-BFB8-BD63D526A8C0}.Release|Windows Phone.ActiveCfg = Release|Any CPU
		{8CE73DB2-7512-4003-BFB8-BD63D526A8C0}.Release|x64.ActiveCfg = Release|Any CPU
		{8CE73DB2-7512-4003-BFB8-BD63D526A8C0}.Release|x86.ActiveCfg = Release|Any CPU
		{8CE73DB2-7512-4003-BFB8-BD63D526A8C0}.Release|Xbox 360.ActiveCfg = Release|Any CPU
		{1AB2BD71-0F6D-419E-A9D9-B7427EBC2780}.Debug|Any CPU.ActiveCfg = Debug|Windows Phone
		{1AB2BD71-0F6D-419E-A9D9-B7427EBC2780}.Debug|Mixed Platforms.ActiveCfg = Debug|Windows Phone
		{1AB2BD71-0F6D-419E-A9D9-B7427EBC2780}.Debug|Mixed Platforms.Build.0 = Debug|Windows Phone
		{1AB2BD71-0F6D-419E-A9D9-B7427EBC2780}.Debug|Windows Phone.ActiveCfg = Debug|Windows Phone
		{1AB2BD71-0F6D-419E-A9D9-B7427EBC2780}.Debug|Windows Phone.Build.0 = Debug|Windows Phone
		{1AB2BD71-0F6D-419E-A9D9-B7427EBC2780}.Debug|x64.ActiveCfg = Debug|Windows Phone
		{1AB2BD71-0F6D-419E-A9D9-B7427EBC2780}.Debug|x86.ActiveCfg = Debug|Windows Phone
		{1AB2BD71-0F6D-419E-A9D9-B7427EBC2780}.Debug|x86.Build.0 = Debug|Windows Phone
		{1AB2BD71-0F6D-419E-A9D9-B7427EBC2780}.Debug|Xbox 360.ActiveCfg = Debug|Windows Phone
		{1AB2BD71-0F6D-419E-A9D9-B7427EBC2780}.Debug|Xbox 360.Build.0 = Debug|Windows Phone
		{1AB2BD71-0F6D-419E-A9D9-B7427EBC2780}.Release|Any CPU.ActiveCfg = Release|Windows Phone
		{1AB2BD71-0F6D-419E-A9D9-B7427EBC2780}.Release|Mixed Platforms.ActiveCfg = Release|Windows Phone
		{1AB2BD71-0F6D-419E-A9D9-B7427EBC2780}.Release|Mixed Platforms.Build.0 = Release|Windows Phone
		{1AB2BD71-0F6D-419E-A9D9-B7427EBC2780}.Release|Windows Phone.ActiveCfg = Release|Windows Phone
		{1AB2BD71-0F6D-419E-A9D9-B7427EBC2780}.Release|Windows Phone.Build.0 = Release|Windows Phone
		{1AB2BD71-0F6D-419E-A9D9-B7427EBC2780}.Release|x64.ActiveCfg = Release|Windows Phone
		{1AB2BD71-0F6D-419E-A9D9-B7427EBC2780}.Release|x86.ActiveCfg = Release|Windows Phone
		{1AB2BD71-0F6D-419E-A9D9-B7427EBC2780}.Release|x86.Build.0 = Release|Windows Phone
		{1AB2BD71-0F6D-419E-A9D9-B7427EBC2780}.Release|Xbox 360.ActiveCfg = Release|Windows Phone
		{1AB2BD71-0F6D-419E-A9D9-B7427EBC2780}.Release|Xbox 360.Build.0 = Release|Windows Phone
		{12B5AFA7-76A2-4B08-9847-F7015FF734F3}.Debug|Any CPU.ActiveCfg = Debug|Windows Phone
		{12B5AFA7-76A2-4B08-9847-F7015FF734F3}.Debug|Mixed Platforms.ActiveCfg = Debug|Windows Phone
		{12B5AFA7-76A2-4B08-9847-F7015FF734F3}.Debug|Mixed Platforms.Build.0 = Debug|Windows Phone
		{12B5AFA7-76A2-4B08-9847-F7015FF734F3}.Debug|Windows Phone.ActiveCfg = Debug|Windows Phone
		{12B5AFA7-76A2-4B08-9847-F7015FF734F3}.Debug|Windows Phone.Build.0 = Debug|Windows Phone
		{12B5AFA7-76A2-4B08-9847-F7015FF734F3}.Debug|x64.ActiveCfg = Debug|Windows Phone
		{12B5AFA7-76A2-4B08-9847-F7015FF734F3}.Debug|x86.ActiveCfg = Debug|Windows Phone
		{12B5AFA7-76A2-4B08-9847-F7015FF734F3}.Debug|x86.Build.0 = Debug|Windows Phone
		{12B5AFA7-76A2-4B08-9847-F7015FF734F3}.Debug|Xbox 360.ActiveCfg = Debug|Windows Phone
		{12B5AFA7-76A2-4B08-9847-F7015FF734F3}.Debug|Xbox 360.Build.0 = Debug|Windows Phone
		{12B5AFA7-76A2-4B08-9847-F7015FF734F3}.Release|Any CPU.ActiveCfg = Release|Windows Phone
		{12B5AFA7-76A2-4B08-9847-F7015FF734F3}.Release|Mixed Platforms.ActiveCfg = Release|Windows Phone
		{12B5AFA7-76A2-4B08-9847-F7015FF734F3}.Release|Mixed Platforms.Build.0 = Release|Windows Phone
		{12B5AFA7-76A2-4B08-9847-F7015FF734F3}.Release|Windows Phone.ActiveCfg = Release|Windows Phone
		{12B5AFA7-76A2-4B08-9847-F7015FF734F3}.Release|Windows Phone.Build.0 = Release|Windows Phone
		{12B5AFA7-76A2-4B08-9847-F7015FF734F3}.Release|x64.ActiveCfg = Release|Windows Phone
		{12B5AFA7-76A2-4B08-9847-F7015FF734F3}.Release|x86.ActiveCfg = Release|Windows Phone
		{12B5AFA7-76A2-4B08-9847-F7015FF734F3}.Release|x86.Build.0 = Release|Windows Phone
		{12B5AFA7-76A2-4B08-9847-F7015FF734F3}.Release|Xbox 360.ActiveCfg = Release|Windows Phone
		{12B5AFA7-76A2-4B08-9847-F7015FF734F3}.Release|Xbox 360.Build.0 = Release|Windows Phone
		{26B93C96-7E42-45A0-8820-E44F98F23A83}.Debug|Any CPU.ActiveCfg = Debug|Windows Phone
		{26B93C96-7E42-45A0-8820-E44F98F23A83}.Debug|Mixed Platforms.ActiveCfg = Debug|Windows Phone
		{26B93C96-7E42-45A0-8820-E44F98F23A83}.Debug|Mixed Platforms.Build.0 = Debug|Windows Phone
		{26B93C96-7E42-45A0-8820-E44F98F23A83}.Debug|Mixed Platforms.Deploy.0 = Debug|Windows Phone
		{26B93C96-7E42-45A0-8820-E44F98F23A83}.Debug|Windows Phone.ActiveCfg = Debug|Windows Phone
		{26B93C96-7E42-45A0-8820-E44F98F23A83}.Debug|Windows Phone.Build.0 = Debug|Windows Phone
		{26B93C96-7E42-45A0-8820-E44F98F23A83}.Debug|Windows Phone.Deploy.0 = Debug|Windows Phone
		{26B93C96-7E42-45A0-8820-E44F98F23A83}.Debug|x64.ActiveCfg = Debug|Windows Phone
		{26B93C96-7E42-45A0-8820-E44F98F23A83}.Debug|x86.ActiveCfg = Debug|Windows Phone
		{26B93C96-7E42-45A0-8820-E44F98F23A83}.Debug|x86.Build.0 = Debug|Windows Phone
		{26B93C96-7E42-45A0-8820-E44F98F23A83}.Debug|Xbox 360.ActiveCfg = Debug|Windows Phone
		{26B93C96-7E42-45A0-8820-E44F98F23A83}.Debug|Xbox 360.Build.0 = Debug|Windows Phone
		{26B93C96-7E42-45A0-8820-E44F98F23A83}.Release|Any CPU.ActiveCfg = Release|Windows Phone
		{26B93C96-7E42-45A0-8820-E44F98F23A83}.Release|Mixed Platforms.ActiveCfg = Release|Windows Phone
		{26B93C96-7E42-45A0-8820-E44F98F23A83}.Release|Mixed Platforms.Build.0 = Release|Windows Phone
		{26B93C96-7E42-45A0-8820-E44F98F23A83}.Release|Mixed Platforms.Deploy.0 = Release|Windows Phone
		{26B93C96-7E42-45A0-8820-E44F98F23A83}.Release|Windows Phone.ActiveCfg = Release|Windows Phone
		{26B93C96-7E42-45A0-8820-E44F98F23A83}.Release|Windows Phone.Build.0 = Release|Windows Phone
		{26B93C96-7E42-45A0-8820-E44F98F23A83}.Release|Windows Phone.Deploy.0 = Release|Windows Phone
		{26B93C96-7E42-45A0-8820-E44F98F23A83}.Release|x64.ActiveCfg = Release|Windows Phone
		{26B93C96-7E42-45A0-8820-E44F98F23A83}.Release|x86.ActiveCfg = Release|Windows Phone
		{26B93C96-7E42-45A0-8820-E44F98F23A83}.Release|x86.Build.0 = Release|Windows Phone
		{26B93C96-7E42-45A0-8820-E44F98F23A83}.Release|Xbox 360.ActiveCfg = Release|Windows Phone
		{26B93C96-7E42-45A0-8820-E44F98F23A83}.Release|Xbox 360.Build.0 = Release|Windows Phone
		{78EC42AF-AA00-4F6B-94AF-03655DE0FEB5}.Debug|Any CPU.ActiveCfg = Debug|Windows Phone
		{78EC42AF-AA00-4F6B-94AF-03655DE0FEB5}.Debug|Mixed Platforms.ActiveCfg = Debug|Windows Phone
		{78EC42AF-AA00-4F6B-94AF-03655DE0FEB5}.Debug|Mixed Platforms.Build.0 = Debug|Windows Phone
		{78EC42AF-AA00-4F6B-94AF-03655DE0FEB5}.Debug|Windows Phone.ActiveCfg = Debug|Windows Phone
		{78EC42AF-AA00-4F6B-94AF-03655DE0FEB5}.Debug|Windows Phone.Build.0 = Debug|Windows Phone
		{78EC42AF-AA00-4F6B-94AF-03655DE0FEB5}.Debug|x64.ActiveCfg = Debug|Windows Phone
		{78EC42AF-AA00-4F6B-94AF-03655DE0FEB5}.Debug|x86.ActiveCfg = Debug|Windows Phone
		{78EC42AF-AA00-4F6B-94AF-03655DE0FEB5}.Debug|x86.Build.0 = Debug|Windows Phone
		{78EC42AF-AA00-4F6B-94AF-03655DE0FEB5}.Debug|Xbox 360.ActiveCfg = Debug|Windows Phone
		{78EC42AF-AA00-4F6B-94AF-03655DE0FEB5}.Debug|Xbox 360.Build.0 = Debug|Windows Phone
		{78EC42AF-AA00-4F6B-94AF-03655DE0FEB5}.Release|Any CPU.ActiveCfg = Release|Windows Phone
		{78EC42AF-AA00-4F6B-94AF-03655DE0FEB5}.Release|Mixed Platforms.ActiveCfg = Release|Windows Phone
		{78EC42AF-AA00-4F6B-94AF-03655DE0FEB5}.Release|Mixed Platforms.Build.0 = Release|Windows Phone
		{78EC42AF-AA00-4F6B-94AF-03655DE0FEB5}.Release|Windows Phone.ActiveCfg = Release|Windows Phone
		{78EC42AF-AA00-4F6B-94AF-03655DE0FEB5}.Release|Windows Phone.Build.0 = Release|Windows Phone
		{78EC42AF-AA00-4F6B-94AF-03655DE0FEB5}.Release|x64.ActiveCfg = Release|Windows Phone
		{78EC42AF-AA00-4F6B-94AF-03655DE0FEB5}.Release|x86.ActiveCfg = Release|Windows Phone
		{78EC42AF-AA00-4F6B-94AF-03655DE0FEB5}.Release|x86.Build.0 = Release|Windows Phone
		{78EC42AF-AA00-4F6B-94AF-03655DE0FEB5}.Release|Xbox 360.ActiveCfg = Release|Windows Phone
		{78EC42AF-AA00-4F6B-94AF-03655DE0FEB5}.Release|Xbox 360.Build.0 = Release|Windows Phone
		{6F0DEE2E-CB97-4816-9F08-D7A76A792041}.Debug|Any CPU.ActiveCfg = Debug|x86
		{6F0DEE2E-CB97-4816-9F08-D7A76A792041}.Debug|Mixed Platforms.ActiveCfg = Debug|x86
		{6F0DEE2E-CB97-4816-9F08-D7A76A792041}.Debug|Mixed Platforms.Build.0 = Debug|x86
		{6F0DEE2E-CB97-4816-9F08-D7A76A792041}.Debug|Windows Phone.ActiveCfg = Debug|x86
		{6F0DEE2E-CB97-4816-9F08-D7A76A792041}.Debug|x64.ActiveCfg = Debug|x86
		{6F0DEE2E-CB97-4816-9F08-D7A76A792041}.Debug|x86.ActiveCfg = Debug|x86
		{6F0DEE2E-CB97-4816-9F08-D7A76A792041}.Debug|x86.Build.0 = Debug|x86
		{6F0DEE2E-CB97-4816-9F08-D7A76A792041}.Debug|Xbox 360.ActiveCfg = Debug|x86
		{6F0DEE2E-CB97-4816-9F08-D7A76A792041}.Debug|Xbox 360.Build.0 = Debug|x86
		{6F0DEE2E-CB97-4816-9F08-D7A76A792041}.Release|Any CPU.ActiveCfg = Release|x86
		{6F0DEE2E-CB97-4816-9F08-D7A76A792041}.Release|Mixed Platforms.ActiveCfg = Release|x86
		{6F0DEE2E-CB97-4816-9F08-D7A76A792041}.Release|Mixed Platforms.Build.0 = Release|x86
		{6F0DEE2E-CB97-4816-9F08-D7A76A792041}.Release|Windows Phone.ActiveCfg = Release|x86
		{6F0DEE2E-CB97-4816-9F08-D7A76A792041}.Release|x64.ActiveCfg = Release|x86
		{6F0DEE2E-CB97-4816-9F08-D7A76A792041}.Release|x86.ActiveCfg = Release|x86
		{6F0DEE2E-CB97-4816-9F08-D7A76A792041}.Release|x86.Build.0 = Release|x86
		{6F0DEE2E-CB97-4816-9F08-D7A76A792041}.Release|Xbox 360.ActiveCfg = Release|x86
		{6F0DEE2E-CB97-4816-9F08-D7A76A792041}.Release|Xbox 360.Build.0 = Release|x86
		{1E893A49-8D84-4E26-BFD9-DC8D5C81E467}.Debug|Any CPU.ActiveCfg = Debug|x86
		{1E893A49-8D84-4E26-BFD9-DC8D5C81E467}.Debug|Mixed Platforms.ActiveCfg = Debug|x86
		{1E893A49-8D84-4E26-BFD9-DC8D5C81E467}.Debug|Mixed Platforms.Build.0 = Debug|x86
		{1E893A49-8D84-4E26-BFD9-DC8D5C81E467}.Debug|Windows Phone.ActiveCfg = Debug|x86
		{1E893A49-8D84-4E26-BFD9-DC8D5C81E467}.Debug|x64.ActiveCfg = Debug|x86
		{1E893A49-8D84-4E26-BFD9-DC8D5C81E467}.Debug|x86.ActiveCfg = Debug|x86
		{1E893A49-8D84-4E26-BFD9-DC8D5C81E467}.Debug|x86.Build.0 = Debug|x86
		{1E893A49-8D84-4E26-BFD9-DC8D5C81E467}.Debug|Xbox 360.ActiveCfg = Debug|x86
		{1E893A49-8D84-4E26-BFD9-DC8D5C81E467}.Debug|Xbox 360.Build.0 = Debug|x86
		{1E893A49-8D84-4E26-BFD9-DC8D5C81E467}.Release|Any CPU.ActiveCfg = Release|x86
		{1E893A49-8D84-4E26-BFD9-DC8D5C81E467}.Release|Mixed Platforms.ActiveCfg = Release|x86
		{1E893A49-8D84-4E26-BFD9-DC8D5C81E467}.Release|Mixed Platforms.Build.0 = Release|x86
		{1E893A49-8D84-4E26-BFD9-DC8D5C81E467}.Release|Windows Phone.ActiveCfg = Release|x86
		{1E893A49-8D84-4E26-BFD9-DC8D5C81E467}.Release|x64.ActiveCfg = Release|x86
		{1E893A49-8D84-4E26-BFD9-DC8D5C81E467}.Release|x86.ActiveCfg = Release|x86
		{1E893A49-8D84-4E26-BFD9-DC8D5C81E467}.Release|x86.Build.0 = Release|x86
		{1E893A49-8D84-4E26-BFD9-DC8D5C81E467}.Release|Xbox 360.ActiveCfg = Release|x86
		{1E893A49-8D84-4E26-BFD9-DC8D5C81E467}.Release|Xbox 360.Build.0 = Release|x86
		{557A49B8-E413-4C5F-9369-57A295DA6F47}.Debug|Any CPU.ActiveCfg = Debug|x86
		{557A49B8-E413-4C5F-9369-57A295DA6F47}.Debug|Mixed Platforms.ActiveCfg = Debug|x86
		{557A49B8-E413-4C5F-9369-57A295DA6F47}.Debug|Mixed Platforms.Build.0 = Debug|x86
		{557A49B8-E413-4C5F-9369-57A295DA6F47}.Debug|Windows Phone.ActiveCfg = Debug|x86
		{557A49B8-E413-4C5F-9369-57A295DA6F47}.Debug|x64.ActiveCfg = Debug|x86
		{557A49B8-E413-4C5F-9369-57A295DA6F47}.Debug|x86.ActiveCfg = Debug|x86
		{557A49B8-E413-4C5F-9369-57A295DA6F47}.Debug|x86.Build.0 = Debug|x86
		{557A49B8-E413-4C5F-9369-57A295DA6F47}.Debug|Xbox 360.ActiveCfg = Debug|x86
		{557A49B8-E413-4C5F-9369-57A295DA6F47}.Debug|Xbox 360.Build.0 = Debug|x86
		{557A49B8-E413-4C5F-9369-57A295DA6F47}.Release|Any CPU.ActiveCfg = Release|x86
		{557A49B8-E413-4C5F-9369-57A295DA6F47}.Release|Mixed Platforms.ActiveCfg = Release|x86
		{557A49B8-E413-4C5F-9369-57A295DA6F47}.Release|Mixed Platforms.Build.0 = Release|x86
		{557A49B8-E413-4C5F-9369-57A295DA6F47}.Release|Windows Phone.ActiveCfg = Release|x86
		{557A49B8-E413-4C5F-9369-57A295DA6F47}.Release|x64.ActiveCfg = Release|x86
		{557A49B8-E413-4C5F-9369-57A295DA6F47}.Release|x86.ActiveCfg = Release|x86
		{557A49B8-E413-4C5F-9369-57A295DA6F47}.Release|x86.Build.0 = Release|x86
		{557A49B8-E413-4C5F-9369-57A295DA6F47}.Release|Xbox 360.ActiveCfg = Release|x86
		{557A49B8-E413-4C5F-9369-57A295DA6F47}.Release|Xbox 360.Build.0 = Release|x86
		{A148BB9B-C455-4B07-91DC-45F086EF569E}.Debug|Any CPU.ActiveCfg = Debug|Xbox 360
		{A148BB9B-C455-4B07-91DC-45F086EF569E}.Debug|Mixed Platforms.ActiveCfg = Debug|Xbox 360
		{A148BB9B-C455-4B07-91DC-45F086EF569E}.Debug|Mixed Platforms.Build.0 = Debug|Xbox 360
		{A148BB9B-C455-4B07-91DC-45F086EF569E}.Debug|Windows Phone.ActiveCfg = Debug|Xbox 360
		{A148BB9B-C455-4B07-91DC-45F086EF569E}.Debug|x64.ActiveCfg = Debug|Xbox 360
		{A148BB9B-C455-4B07-91DC-45F086EF569E}.Debug|x86.ActiveCfg = Debug|Xbox 360
		{A148BB9B-C455-4B07-91DC-45F086EF569E}.Debug|Xbox 360.ActiveCfg = Debug|Xbox 360
		{A148BB9B-C455-4B07-91DC-45F086EF569E}.Debug|Xbox 360.Build.0 = Debug|Xbox 360
		{A148BB9B-C455-4B07-91DC-45F086EF569E}.Release|Any CPU.ActiveCfg = Release|Xbox 360
		{A148BB9B-C455-4B07-91DC-45F086EF569E}.Release|Mixed Platforms.ActiveCfg = Release|Xbox 360
		{A148BB9B-C455-4B07-91DC-45F086EF569E}.Release|Mixed Platforms.Build.0 = Release|Xbox 360
		{A148BB9B-C455-4B07-91DC-45F086EF569E}.Release|Windows Phone.ActiveCfg = Release|Xbox 360
		{A148BB9B-C455-4B07-91DC-45F086EF569E}.Release|x64.ActiveCfg = Release|Xbox 360
		{A148BB9B-C455-4B07-91DC-45F086EF569E}.Release|x86.ActiveCfg = Release|Xbox 360
		{A148BB9B-C455-4B07-91DC-45F086EF569E}.Release|Xbox 360.ActiveCfg = Release|Xbox 360
		{A148BB9B-C455-4B07-91DC-45F086EF569E}.Release|Xbox 360.Build.0 = Release|Xbox 360
		{0E8D7D56-DE4F-4106-9311-AAAC370C75E8}.Debug|Any CPU.ActiveCfg = Debug|Xbox 360
		{0E8D7D56-DE4F-4106-9311-AAAC370C75E8}.Debug|Mixed Platforms.ActiveCfg = Debug|Xbox 360
		{0E8D7D56-DE4F-4106-9311-AAAC370C75E8}.Debug|Mixed Platforms.Build.0 = Debug|Xbox 360
		{0E8D7D56-DE4F-4106-9311-AAAC370C75E8}.Debug|Windows Phone.ActiveCfg = Debug|Xbox 360
		{0E8D7D56-DE4F-4106-9311-AAAC370C75E8}.Debug|x64.ActiveCfg = Debug|Xbox 360
		{0E8D7D56-DE4F-4106-9311-AAAC370C75E8}.Debug|x86.ActiveCfg = Debug|Xbox 360
		{0E8D7D56-DE4F-4106-9311-AAAC370C75E8}.Debug|Xbox 360.ActiveCfg = Debug|Xbox 360
		{0E8D7D56-DE4F-4106-9311-AAAC370C75E8}.Debug|Xbox 360.Build.0 = Debug|Xbox 360
		{0E8D7D56-DE4F-4106-9311-AAAC370C75E8}.Release|Any CPU.ActiveCfg = Release|Xbox 360
		{0E8D7D56-DE4F-4106-9311-AAAC370C75E8}.Release|Mixed Platforms.ActiveCfg = Release|Xbox 360
		{0E8D7D56-DE4F-4106-9311-AAAC370C75E8}.Release|Mixed Platforms.Build.0 = Release|Xbox 360
		{0E8D7D56-DE4F-4106-9311-AAAC370C75E8}.Release|Windows Phone.ActiveCfg = Release|Xbox 360
		{0E8D7D56-DE4F-4106-9311-AAAC370C75E8}.Release|x64.ActiveCfg = Release|Xbox 360
		{0E8D7D56-DE4F-4106-9311-AAAC370C75E8}.Release|x86.ActiveCfg = Release|Xbox 360
		{0E8D7D56-DE4F-4106-9311-AAAC370C75E8}.Release|Xbox 360.ActiveCfg = Release|Xbox 360
		{0E8D7D56-DE4F-4106-9311-AAAC370C75E8}.Release|Xbox 360.Build.0 = Release|Xbox 360
		{9C7D09D6-CFDC-4CBB-97DD-C0186D0125FD}.Debug|Any CPU.ActiveCfg = Debug|Xbox 360
		{9C7D09D6-CFDC-4CBB-97DD-C0186D0125FD}.Debug|Mixed Platforms.ActiveCfg = Debug|Xbox 360
		{9C7D09D6-CFDC-4CBB-97DD-C0186D0125FD}.Debug|Mixed Platforms.Build.0 = Debug|Xbox 360
		{9C7D09D6-CFDC-4CBB-97DD-C0186D0125FD}.Debug|Windows Phone.ActiveCfg = Debug|Xbox 360
		{9C7D09D6-CFDC-4CBB-97DD-C0186D0125FD}.Debug|x64.ActiveCfg = Debug|Xbox 360
		{9C7D09D6-CFDC-4CBB-97DD-C0186D0125FD}.Debug|x86.ActiveCfg = Debug|Xbox 360
		{9C7D09D6-CFDC-4CBB-97DD-C0186D0125FD}.Debug|Xbox 360.ActiveCfg = Debug|Xbox 360
		{9C7D09D6-CFDC-4CBB-97DD-C0186D0125FD}.Debug|Xbox 360.Build.0 = Debug|Xbox 360
		{9C7D09D6-CFDC-4CBB-97DD-C0186D0125FD}.Release|Any CPU.ActiveCfg = Release|Xbox 360
		{9C7D09D6-CFDC-4CBB-97DD-C0186D0125FD}.Release|Mixed Platforms.ActiveCfg = Release|Xbox 360
		{9C7D09D6-CFDC-4CBB-97DD-C0186D0125FD}.Release|Mixed Platforms.Build.0 = Release|Xbox 360
		{9C7D09D6-CFDC-4CBB-97DD-C0186D0125FD}.Release|Windows Phone.ActiveCfg = Release|Xbox 360
		{9C7D09D6-CFDC-4CBB-97DD-C0186D0125FD}.Release|x64.ActiveCfg = Release|Xbox 360
		{9C7D09D6-CFDC-4CBB-97DD-C0186D0125FD}.Release|x86.ActiveCfg = Release|Xbox 360
		{9C7D09D6-CFDC-4CBB-97DD-C0186D0125FD}.Release|Xbox 360.ActiveCfg = Release|Xbox 360
		{9C7D09D6-CFDC-4CBB-97DD-C0186D0125FD}.Release|Xbox 360.Build.0 = Release|Xbox 360
		{219C6CE1-5FBD-48A5-8A9D-2A8961573587}.Debug|Any CPU.ActiveCfg = Debug|Xbox 360
		{219C6CE1-5FBD-48A5-8A9D-2A8961573587}.Debug|Mixed Platforms.ActiveCfg = Debug|Xbox 360
		{219C6CE1-5FBD-48A5-8A9D-2A8961573587}.Debug|Mixed Platforms.Build.0 = Debug|Xbox 360
		{219C6CE1-5FBD-48A5-8A9D-2A8961573587}.Debug|Mixed Platforms.Deploy.0 = Debug|Xbox 360
		{219C6CE1-5FBD-48A5-8A9D-2A8961573587}.Debug|Windows Phone.ActiveCfg = Debug|Xbox 360
		{219C6CE1-5FBD-48A5-8A9D-2A8961573587}.Debug|x64.ActiveCfg = Debug|Xbox 360
		{219C6CE1-5FBD-48A5-8A9D-2A8961573587}.Debug|x86.ActiveCfg = Debug|Xbox 360
		{219C6CE1-5FBD-48A5-8A9D-2A8961573587}.Debug|Xbox 360.ActiveCfg = Debug|Xbox 360
		{219C6CE1-5FBD-48A5-8A9D-2A8961573587}.Debug|Xbox 360.Build.0 = Debug|Xbox 360
		{219C6CE1-5FBD-48A5-8A9D-2A8961573587}.Debug|Xbox 360.Deploy.0 = Debug|Xbox 360
		{219C6CE1-5FBD-48A5-8A9D-2A8961573587}.Release|Any CPU.ActiveCfg = Release|Xbox 360
		{219C6CE1-5FBD-48A5-8A9D-2A8961573587}.Release|Mixed Platforms.ActiveCfg = Release|Xbox 360
		{219C6CE1-5FBD-48A5-8A9D-2A8961573587}.Release|Mixed Platforms.Build.0 = Release|Xbox 360
		{219C6CE1-5FBD-48A5-8A9D-2A8961573587}.Release|Mixed Platforms.Deploy.0 = Release|Xbox 360
		{219C6CE1-5FBD-48A5-8A9D-2A8961573587}.Release|Windows Phone.ActiveCfg = Release|Xbox 360
		{219C6CE1-5FBD-48A5-8A9D-2A8961573587}.Release|x64.ActiveCfg = Release|Xbox 360
		{219C6CE1-5FBD-48A5-8A9D-2A8961573587}.Release|x86.ActiveCfg = Release|Xbox 360
		{219C6CE1-5FBD-48A5-8A9D-2A8961573587}.Release|Xbox 360.ActiveCfg = Release|Xbox 360
		{219C6CE1-5FBD-48A5-8A9D-2A8961573587}.Release|Xbox 360.Build.0 = Release|Xbox 360
		{219C6CE1-5FBD-48A5-8A9D-2A8961573587}.Release|Xbox 360.Deploy.0 = Release|Xbox 360
		{2F5B4711-B826-4B7F-9777-24792B24D445}.Debug|Any CPU.ActiveCfg = Debug|x86
		{2F5B4711-B826-4B7F-9777-24792B24D445}.Debug|Mixed Platforms.ActiveCfg = Debug|x86
		{2F5B4711-B826-4B7F-9777-24792B24D445}.Debug|Mixed Platforms.Build.0 = Debug|x86
		{2F5B4711-B826-4B7F-9777-24792B24D445}.Debug|Windows Phone.ActiveCfg = Debug|x86
		{2F5B4711-B826-4B7F-9777-24792B24D445}.Debug|x64.ActiveCfg = Debug|x86
		{2F5B4711-B826-4B7F-9777-24792B24D445}.Debug|x86.ActiveCfg = Debug|x86
		{2F5B4711-B826-4B7F-9777-24792B24D445}.Debug|x86.Build.0 = Debug|x86
		{2F5B4711-B826-4B7F-9777-24792B24D445}.Debug|Xbox 360.ActiveCfg = Debug|x86
		{2F5B4711-B826-4B7F-9777-24792B24D445}.Release|Any CPU.ActiveCfg = Release|x86
		{2F5B4711-B826-4B7F-9777-24792B24D445}.Release|Mixed Platforms.ActiveCfg = Release|x86
		{2F5B4711-B826-4B7F-9777-24792B24D445}.Release|Mixed Platforms.Build.0 = Release|x86
		{2F5B4711-B826-4B7F-9777-24792B24D445}.Release|Windows Phone.ActiveCfg = Release|x86
		{2F5B4711-B826-4B7F-9777-24792B24D445}.Release|x64.ActiveCfg = Release|x86
		{2F5B4711-B826-4B7F-9777-24792B24D445}.Release|x86.ActiveCfg = Release|x86
		{2F5B4711-B826-4B7F-9777-24792B24D445}.Release|x86.Build.0 = Release|x86
		{2F5B4711-B826-4B7F-9777-24792B24D445}.Release|Xbox 360.ActiveCfg = Release|x86
		{12DB0C31-CF86-4A64-84B5-37E651ADB33A}.Debug|Any CPU.ActiveCfg = Debug|Any CPU
		{12DB0C31-CF86-4A64-84B5-37E651ADB33A}.Debug|Any CPU.Build.0 = Debug|Any CPU
		{12DB0C31-CF86-4A64-84B5-37E651ADB33A}.Debug|Mixed Platforms.ActiveCfg = Debug|Any CPU
		{12DB0C31-CF86-4A64-84B5-37E651ADB33A}.Debug|Mixed Platforms.Build.0 = Debug|Any CPU
		{12DB0C31-CF86-4A64-84B5-37E651ADB33A}.Debug|Windows Phone.ActiveCfg = Debug|Any CPU
		{12DB0C31-CF86-4A64-84B5-37E651ADB33A}.Debug|x64.ActiveCfg = Debug|Any CPU
		{12DB0C31-CF86-4A64-84B5-37E651ADB33A}.Debug|x86.ActiveCfg = Debug|Any CPU
		{12DB0C31-CF86-4A64-84B5-37E651ADB33A}.Debug|Xbox 360.ActiveCfg = Debug|Any CPU
		{12DB0C31-CF86-4A64-84B5-37E651ADB33A}.Release|Any CPU.ActiveCfg = Release|Any CPU
		{12DB0C31-CF86-4A64-84B5-37E651ADB33A}.Release|Any CPU.Build.0 = Release|Any CPU
		{12DB0C31-CF86-4A64-84B5-37E651ADB33A}.Release|Mixed Platforms.ActiveCfg = Release|Any CPU
		{12DB0C31-CF86-4A64-84B5-37E651ADB33A}.Release|Mixed Platforms.Build.0 = Release|Any CPU
		{12DB0C31-CF86-4A64-84B5-37E651ADB33A}.Release|Windows Phone.ActiveCfg = Release|Any CPU
		{12DB0C31-CF86-4A64-84B5-37E651ADB33A}.Release|x64.ActiveCfg = Release|Any CPU
		{12DB0C31-CF86-4A64-84B5-37E651ADB33A}.Release|x86.ActiveCfg = Release|Any CPU
		{12DB0C31-CF86-4A64-84B5-37E651ADB33A}.Release|Xbox 360.ActiveCfg = Release|Any CPU
		{7DE47032-A904-4C29-BD22-2D235E8D91BA}.Debug|Any CPU.ActiveCfg = Debug|Any CPU
		{7DE47032-A904-4C29-BD22-2D235E8D91BA}.Debug|Any CPU.Build.0 = Debug|Any CPU
		{7DE47032-A904-4C29-BD22-2D235E8D91BA}.Debug|Mixed Platforms.ActiveCfg = Debug|Any CPU
		{7DE47032-A904-4C29-BD22-2D235E8D91BA}.Debug|Mixed Platforms.Build.0 = Debug|Any CPU
		{7DE47032-A904-4C29-BD22-2D235E8D91BA}.Debug|Windows Phone.ActiveCfg = Debug|Any CPU
		{7DE47032-A904-4C29-BD22-2D235E8D91BA}.Debug|x64.ActiveCfg = Debug|x86
		{7DE47032-A904-4C29-BD22-2D235E8D91BA}.Debug|x86.ActiveCfg = Debug|x86
		{7DE47032-A904-4C29-BD22-2D235E8D91BA}.Debug|x86.Build.0 = Debug|x86
		{7DE47032-A904-4C29-BD22-2D235E8D91BA}.Debug|Xbox 360.ActiveCfg = Debug|x86
		{7DE47032-A904-4C29-BD22-2D235E8D91BA}.Release|Any CPU.ActiveCfg = Release|Any CPU
		{7DE47032-A904-4C29-BD22-2D235E8D91BA}.Release|Any CPU.Build.0 = Release|Any CPU
		{7DE47032-A904-4C29-BD22-2D235E8D91BA}.Release|Mixed Platforms.ActiveCfg = Release|Any CPU
		{7DE47032-A904-4C29-BD22-2D235E8D91BA}.Release|Mixed Platforms.Build.0 = Release|Any CPU
		{7DE47032-A904-4C29-BD22-2D235E8D91BA}.Release|Windows Phone.ActiveCfg = Release|Any CPU
		{7DE47032-A904-4C29-BD22-2D235E8D91BA}.Release|x64.ActiveCfg = Release|x86
		{7DE47032-A904-4C29-BD22-2D235E8D91BA}.Release|x86.ActiveCfg = Release|x86
		{7DE47032-A904-4C29-BD22-2D235E8D91BA}.Release|x86.Build.0 = Release|x86
		{7DE47032-A904-4C29-BD22-2D235E8D91BA}.Release|Xbox 360.ActiveCfg = Release|x86
		{BB8F6F66-999C-4DD0-9F22-3616CB03D3CF}.Debug|Any CPU.ActiveCfg = Debug|Any CPU
		{BB8F6F66-999C-4DD0-9F22-3616CB03D3CF}.Debug|Any CPU.Build.0 = Debug|Any CPU
		{BB8F6F66-999C-4DD0-9F22-3616CB03D3CF}.Debug|Mixed Platforms.ActiveCfg = Debug|Any CPU
		{BB8F6F66-999C-4DD0-9F22-3616CB03D3CF}.Debug|Mixed Platforms.Build.0 = Debug|Any CPU
		{BB8F6F66-999C-4DD0-9F22-3616CB03D3CF}.Debug|Windows Phone.ActiveCfg = Debug|Any CPU
		{BB8F6F66-999C-4DD0-9F22-3616CB03D3CF}.Debug|x64.ActiveCfg = Debug|Any CPU
		{BB8F6F66-999C-4DD0-9F22-3616CB03D3CF}.Debug|x86.ActiveCfg = Debug|Any CPU
		{BB8F6F66-999C-4DD0-9F22-3616CB03D3CF}.Debug|Xbox 360.ActiveCfg = Debug|Any CPU
		{BB8F6F66-999C-4DD0-9F22-3616CB03D3CF}.Release|Any CPU.ActiveCfg = Release|Any CPU
		{BB8F6F66-999C-4DD0-9F22-3616CB03D3CF}.Release|Any CPU.Build.0 = Release|Any CPU
		{BB8F6F66-999C-4DD0-9F22-3616CB03D3CF}.Release|Mixed Platforms.ActiveCfg = Release|Any CPU
		{BB8F6F66-999C-4DD0-9F22-3616CB03D3CF}.Release|Mixed Platforms.Build.0 = Release|Any CPU
		{BB8F6F66-999C-4DD0-9F22-3616CB03D3CF}.Release|Windows Phone.ActiveCfg = Release|Any CPU
		{BB8F6F66-999C-4DD0-9F22-3616CB03D3CF}.Release|x64.ActiveCfg = Release|Any CPU
		{BB8F6F66-999C-4DD0-9F22-3616CB03D3CF}.Release|x86.ActiveCfg = Release|Any CPU
		{BB8F6F66-999C-4DD0-9F22-3616CB03D3CF}.Release|Xbox 360.ActiveCfg = Release|Any CPU
		{1C7727BF-C696-41B0-85F6-76F90A3CC31E}.Debug|Any CPU.ActiveCfg = Debug|Any CPU
		{1C7727BF-C696-41B0-85F6-76F90A3CC31E}.Debug|Any CPU.Build.0 = Debug|Any CPU
		{1C7727BF-C696-41B0-85F6-76F90A3CC31E}.Debug|Mixed Platforms.ActiveCfg = Debug|Any CPU
		{1C7727BF-C696-41B0-85F6-76F90A3CC31E}.Debug|Mixed Platforms.Build.0 = Debug|Any CPU
		{1C7727BF-C696-41B0-85F6-76F90A3CC31E}.Debug|Windows Phone.ActiveCfg = Debug|Any CPU
		{1C7727BF-C696-41B0-85F6-76F90A3CC31E}.Debug|x64.ActiveCfg = Debug|Any CPU
		{1C7727BF-C696-41B0-85F6-76F90A3CC31E}.Debug|x86.ActiveCfg = Debug|Any CPU
		{1C7727BF-C696-41B0-85F6-76F90A3CC31E}.Debug|Xbox 360.ActiveCfg = Debug|Any CPU
		{1C7727BF-C696-41B0-85F6-76F90A3CC31E}.Release|Any CPU.ActiveCfg = Release|Any CPU
		{1C7727BF-C696-41B0-85F6-76F90A3CC31E}.Release|Any CPU.Build.0 = Release|Any CPU
		{1C7727BF-C696-41B0-85F6-76F90A3CC31E}.Release|Mixed Platforms.ActiveCfg = Release|Any CPU
		{1C7727BF-C696-41B0-85F6-76F90A3CC31E}.Release|Mixed Platforms.Build.0 = Release|Any CPU
		{1C7727BF-C696-41B0-85F6-76F90A3CC31E}.Release|Windows Phone.ActiveCfg = Release|Any CPU
		{1C7727BF-C696-41B0-85F6-76F90A3CC31E}.Release|x64.ActiveCfg = Release|Any CPU
		{1C7727BF-C696-41B0-85F6-76F90A3CC31E}.Release|x86.ActiveCfg = Release|Any CPU
		{1C7727BF-C696-41B0-85F6-76F90A3CC31E}.Release|Xbox 360.ActiveCfg = Release|Any CPU
		{8A7DE6EF-A410-4E5D-B2D2-F6FA20FCBD58}.Debug|Any CPU.ActiveCfg = Debug|Any CPU
		{8A7DE6EF-A410-4E5D-B2D2-F6FA20FCBD58}.Debug|Any CPU.Build.0 = Debug|Any CPU
		{8A7DE6EF-A410-4E5D-B2D2-F6FA20FCBD58}.Debug|Mixed Platforms.ActiveCfg = Debug|Any CPU
		{8A7DE6EF-A410-4E5D-B2D2-F6FA20FCBD58}.Debug|Mixed Platforms.Build.0 = Debug|Any CPU
		{8A7DE6EF-A410-4E5D-B2D2-F6FA20FCBD58}.Debug|Windows Phone.ActiveCfg = Debug|Any CPU
		{8A7DE6EF-A410-4E5D-B2D2-F6FA20FCBD58}.Debug|x64.ActiveCfg = Debug|Any CPU
		{8A7DE6EF-A410-4E5D-B2D2-F6FA20FCBD58}.Debug|x86.ActiveCfg = Debug|Any CPU
		{8A7DE6EF-A410-4E5D-B2D2-F6FA20FCBD58}.Debug|Xbox 360.ActiveCfg = Debug|Any CPU
		{8A7DE6EF-A410-4E5D-B2D2-F6FA20FCBD58}.Release|Any CPU.ActiveCfg = Release|Any CPU
		{8A7DE6EF-A410-4E5D-B2D2-F6FA20FCBD58}.Release|Any CPU.Build.0 = Release|Any CPU
		{8A7DE6EF-A410-4E5D-B2D2-F6FA20FCBD58}.Release|Mixed Platforms.ActiveCfg = Release|Any CPU
		{8A7DE6EF-A410-4E5D-B2D2-F6FA20FCBD58}.Release|Mixed Platforms.Build.0 = Release|Any CPU
		{8A7DE6EF-A410-4E5D-B2D2-F6FA20FCBD58}.Release|Windows Phone.ActiveCfg = Release|Any CPU
		{8A7DE6EF-A410-4E5D-B2D2-F6FA20FCBD58}.Release|x64.ActiveCfg = Release|Any CPU
		{8A7DE6EF-A410-4E5D-B2D2-F6FA20FCBD58}.Release|x86.ActiveCfg = Release|Any CPU
		{8A7DE6EF-A410-4E5D-B2D2-F6FA20FCBD58}.Release|Xbox 360.ActiveCfg = Release|Any CPU
	EndGlobalSection
	GlobalSection(SolutionProperties) = preSolution
		HideSolutionNode = FALSE
	EndGlobalSection
	GlobalSection(NestedProjects) = preSolution
		{1AB2BD71-0F6D-419E-A9D9-B7427EBC2780} = {5C5057D6-7074-46CF-A903-6DCB85FFA086}
		{12B5AFA7-76A2-4B08-9847-F7015FF734F3} = {5C5057D6-7074-46CF-A903-6DCB85FFA086}
		{26B93C96-7E42-45A0-8820-E44F98F23A83} = {5C5057D6-7074-46CF-A903-6DCB85FFA086}
		{78EC42AF-AA00-4F6B-94AF-03655DE0FEB5} = {5C5057D6-7074-46CF-A903-6DCB85FFA086}
		{6F0DEE2E-CB97-4816-9F08-D7A76A792041} = {9BC4C1FD-4C89-4A64-B116-796DBBD5732E}
		{1E893A49-8D84-4E26-BFD9-DC8D5C81E467} = {9BC4C1FD-4C89-4A64-B116-796DBBD5732E}
		{557A49B8-E413-4C5F-9369-57A295DA6F47} = {9BC4C1FD-4C89-4A64-B116-796DBBD5732E}
		{2F5B4711-B826-4B7F-9777-24792B24D445} = {9BC4C1FD-4C89-4A64-B116-796DBBD5732E}
		{237D245B-F4DE-4684-A33F-8FB1F49C8198} = {A61D8D5D-5127-4E24-BFC5-8F01637AEE89}
		{68C6C33F-9C04-4B0F-B091-141E97DB48BF} = {A61D8D5D-5127-4E24-BFC5-8F01637AEE89}
		{F8DB7F62-B17C-4FF8-80C4-753B3D37ED20} = {A61D8D5D-5127-4E24-BFC5-8F01637AEE89}
		{8CE73DB2-7512-4003-BFB8-BD63D526A8C0} = {A61D8D5D-5127-4E24-BFC5-8F01637AEE89}
		{655CE77B-86AF-418F-9395-BCC9E7FC2631} = {396677E4-7CEB-43C4-9A99-6E8EE19FF92F}
		{7B385E96-AD1D-41EE-8569-985D9CAF9A28} = {396677E4-7CEB-43C4-9A99-6E8EE19FF92F}
		{0C762F01-B92A-4370-92CA-E5A54F68BFE7} = {396677E4-7CEB-43C4-9A99-6E8EE19FF92F}
		{2E457C79-9374-4901-9A38-FDECF3DC3C9F} = {396677E4-7CEB-43C4-9A99-6E8EE19FF92F}
		{A15B45FE-A56C-45A7-B38D-505B6325B427} = {396677E4-7CEB-43C4-9A99-6E8EE19FF92F}
		{A148BB9B-C455-4B07-91DC-45F086EF569E} = {2D2F22DD-D826-4E1E-8654-12A8060FF82D}
		{0E8D7D56-DE4F-4106-9311-AAAC370C75E8} = {2D2F22DD-D826-4E1E-8654-12A8060FF82D}
		{9C7D09D6-CFDC-4CBB-97DD-C0186D0125FD} = {2D2F22DD-D826-4E1E-8654-12A8060FF82D}
		{219C6CE1-5FBD-48A5-8A9D-2A8961573587} = {2D2F22DD-D826-4E1E-8654-12A8060FF82D}
		{12DB0C31-CF86-4A64-84B5-37E651ADB33A} = {FB10AC61-9536-412E-B6DF-4AAE4CD4983A}
		{7DE47032-A904-4C29-BD22-2D235E8D91BA} = {FB10AC61-9536-412E-B6DF-4AAE4CD4983A}
		{BB8F6F66-999C-4DD0-9F22-3616CB03D3CF} = {FB10AC61-9536-412E-B6DF-4AAE4CD4983A}
		{1C7727BF-C696-41B0-85F6-76F90A3CC31E} = {FB10AC61-9536-412E-B6DF-4AAE4CD4983A}
		{8A7DE6EF-A410-4E5D-B2D2-F6FA20FCBD58} = {FB10AC61-9536-412E-B6DF-4AAE4CD4983A}
	EndGlobalSection
EndGlobal
