
Microsoft Visual Studio Solution File, Format Version 11.00
# Visual Studio 2010
Project("{FAE04EC0-301F-11D3-BF4B-00C04F79EFBC}") = "Phat", "Phat\Phat.csproj", "{237D245B-F4DE-4684-A33F-8FB1F49C8198}"
EndProject
Project("{FAE04EC0-301F-11D3-BF4B-00C04F79EFBC}") = "Phat.Editor.Core", "Editor\Phat.Editor.Core\Phat.Editor.Core.csproj", "{655CE77B-86AF-418F-9395-BCC9E7FC2631}"
EndProject
Project("{FAE04EC0-301F-11D3-BF4B-00C04F79EFBC}") = "Phat.Editor.Interfaces", "Editor\Phat.Editor.Interfaces\Phat.Editor.Interfaces.csproj", "{7B385E96-AD1D-41EE-8569-985D9CAF9A28}"
EndProject
Project("{FAE04EC0-301F-11D3-BF4B-00C04F79EFBC}") = "Phat.Editor.Modules.Core", "Editor\Phat.Editor.Modules.Core\Phat.Editor.Modules.Core.csproj", "{0C762F01-B92A-4370-92CA-E5A54F68BFE7}"
EndProject
Project("{FAE04EC0-301F-11D3-BF4B-00C04F79EFBC}") = "Phat.Editor.Modules.Editors", "Editor\Phat.Editor.Modules.Editors\Phat.Editor.Modules.Editors.csproj", "{2E457C79-9374-4901-9A38-FDECF3DC3C9F}"
EndProject
Project("{FAE04EC0-301F-11D3-BF4B-00C04F79EFBC}") = "Phat.Editor.Xna", "Editor\Phat.Editor.Xna\Phat.Editor.Xna.csproj", "{A15B45FE-A56C-45A7-B38D-505B6325B427}"
EndProject
Project("{FAE04EC0-301F-11D3-BF4B-00C04F79EFBC}") = "Phat.Zazumo.Resources", "Phat.Zazumo.Resources\Phat.Zazumo.Resources.csproj", "{F8DB7F62-B17C-4FF8-80C4-753B3D37ED20}"
EndProject
Project("{FAE04EC0-301F-11D3-BF4B-00C04F79EFBC}") = "FarseerPhysics", "FarseerPhysics\FarseerPhysics.csproj", "{8CE73DB2-7512-4003-BFB8-BD63D526A8C0}"
EndProject
Global
	GlobalSection(SolutionConfigurationPlatforms) = preSolution
		Debug|Any CPU = Debug|Any CPU
		Debug|Mixed Platforms = Debug|Mixed Platforms
		Debug|x64 = Debug|x64
		Debug|x86 = Debug|x86
		Release|Any CPU = Release|Any CPU
		Release|Mixed Platforms = Release|Mixed Platforms
		Release|x64 = Release|x64
		Release|x86 = Release|x86
	EndGlobalSection
	GlobalSection(ProjectConfigurationPlatforms) = postSolution
		{237D245B-F4DE-4684-A33F-8FB1F49C8198}.Debug|Any CPU.ActiveCfg = Debug|Any CPU
		{237D245B-F4DE-4684-A33F-8FB1F49C8198}.Debug|Any CPU.Build.0 = Debug|Any CPU
		{237D245B-F4DE-4684-A33F-8FB1F49C8198}.Debug|Mixed Platforms.ActiveCfg = Debug|Any CPU
		{237D245B-F4DE-4684-A33F-8FB1F49C8198}.Debug|Mixed Platforms.Build.0 = Debug|Any CPU
		{237D245B-F4DE-4684-A33F-8FB1F49C8198}.Debug|x64.ActiveCfg = Debug|Any CPU
		{237D245B-F4DE-4684-A33F-8FB1F49C8198}.Debug|x86.ActiveCfg = Debug|Any CPU
		{237D245B-F4DE-4684-A33F-8FB1F49C8198}.Release|Any CPU.ActiveCfg = Release|Any CPU
		{237D245B-F4DE-4684-A33F-8FB1F49C8198}.Release|Any CPU.Build.0 = Release|Any CPU
		{237D245B-F4DE-4684-A33F-8FB1F49C8198}.Release|Mixed Platforms.ActiveCfg = Release|Any CPU
		{237D245B-F4DE-4684-A33F-8FB1F49C8198}.Release|Mixed Platforms.Build.0 = Release|Any CPU
		{237D245B-F4DE-4684-A33F-8FB1F49C8198}.Release|x64.ActiveCfg = Release|Any CPU
		{237D245B-F4DE-4684-A33F-8FB1F49C8198}.Release|x86.ActiveCfg = Release|Any CPU
		{655CE77B-86AF-418F-9395-BCC9E7FC2631}.Debug|Any CPU.ActiveCfg = Debug|x64
		{655CE77B-86AF-418F-9395-BCC9E7FC2631}.Debug|Mixed Platforms.ActiveCfg = Debug|x64
		{655CE77B-86AF-418F-9395-BCC9E7FC2631}.Debug|Mixed Platforms.Build.0 = Debug|x64
		{655CE77B-86AF-418F-9395-BCC9E7FC2631}.Debug|x64.ActiveCfg = Debug|x64
		{655CE77B-86AF-418F-9395-BCC9E7FC2631}.Debug|x64.Build.0 = Debug|x64
		{655CE77B-86AF-418F-9395-BCC9E7FC2631}.Debug|x86.ActiveCfg = Debug|x86
		{655CE77B-86AF-418F-9395-BCC9E7FC2631}.Debug|x86.Build.0 = Debug|x86
		{655CE77B-86AF-418F-9395-BCC9E7FC2631}.Release|Any CPU.ActiveCfg = Release|x64
		{655CE77B-86AF-418F-9395-BCC9E7FC2631}.Release|Mixed Platforms.ActiveCfg = Release|x64
		{655CE77B-86AF-418F-9395-BCC9E7FC2631}.Release|Mixed Platforms.Build.0 = Release|x64
		{655CE77B-86AF-418F-9395-BCC9E7FC2631}.Release|x64.ActiveCfg = Release|x64
		{655CE77B-86AF-418F-9395-BCC9E7FC2631}.Release|x64.Build.0 = Release|x64
		{655CE77B-86AF-418F-9395-BCC9E7FC2631}.Release|x86.ActiveCfg = Release|x86
		{655CE77B-86AF-418F-9395-BCC9E7FC2631}.Release|x86.Build.0 = Release|x86
		{7B385E96-AD1D-41EE-8569-985D9CAF9A28}.Debug|Any CPU.ActiveCfg = Debug|Any CPU
		{7B385E96-AD1D-41EE-8569-985D9CAF9A28}.Debug|Any CPU.Build.0 = Debug|Any CPU
		{7B385E96-AD1D-41EE-8569-985D9CAF9A28}.Debug|Mixed Platforms.ActiveCfg = Debug|Any CPU
		{7B385E96-AD1D-41EE-8569-985D9CAF9A28}.Debug|Mixed Platforms.Build.0 = Debug|Any CPU
		{7B385E96-AD1D-41EE-8569-985D9CAF9A28}.Debug|x64.ActiveCfg = Debug|Any CPU
		{7B385E96-AD1D-41EE-8569-985D9CAF9A28}.Debug|x86.ActiveCfg = Debug|Any CPU
		{7B385E96-AD1D-41EE-8569-985D9CAF9A28}.Release|Any CPU.ActiveCfg = Release|Any CPU
		{7B385E96-AD1D-41EE-8569-985D9CAF9A28}.Release|Any CPU.Build.0 = Release|Any CPU
		{7B385E96-AD1D-41EE-8569-985D9CAF9A28}.Release|Mixed Platforms.ActiveCfg = Release|Any CPU
		{7B385E96-AD1D-41EE-8569-985D9CAF9A28}.Release|Mixed Platforms.Build.0 = Release|Any CPU
		{7B385E96-AD1D-41EE-8569-985D9CAF9A28}.Release|x64.ActiveCfg = Release|Any CPU
		{7B385E96-AD1D-41EE-8569-985D9CAF9A28}.Release|x86.ActiveCfg = Release|Any CPU
		{0C762F01-B92A-4370-92CA-E5A54F68BFE7}.Debug|Any CPU.ActiveCfg = Debug|Any CPU
		{0C762F01-B92A-4370-92CA-E5A54F68BFE7}.Debug|Any CPU.Build.0 = Debug|Any CPU
		{0C762F01-B92A-4370-92CA-E5A54F68BFE7}.Debug|Mixed Platforms.ActiveCfg = Debug|Any CPU
		{0C762F01-B92A-4370-92CA-E5A54F68BFE7}.Debug|Mixed Platforms.Build.0 = Debug|Any CPU
		{0C762F01-B92A-4370-92CA-E5A54F68BFE7}.Debug|x64.ActiveCfg = Debug|Any CPU
		{0C762F01-B92A-4370-92CA-E5A54F68BFE7}.Debug|x86.ActiveCfg = Debug|Any CPU
		{0C762F01-B92A-4370-92CA-E5A54F68BFE7}.Release|Any CPU.ActiveCfg = Release|Any CPU
		{0C762F01-B92A-4370-92CA-E5A54F68BFE7}.Release|Any CPU.Build.0 = Release|Any CPU
		{0C762F01-B92A-4370-92CA-E5A54F68BFE7}.Release|Mixed Platforms.ActiveCfg = Release|Any CPU
		{0C762F01-B92A-4370-92CA-E5A54F68BFE7}.Release|Mixed Platforms.Build.0 = Release|Any CPU
		{0C762F01-B92A-4370-92CA-E5A54F68BFE7}.Release|x64.ActiveCfg = Release|Any CPU
		{0C762F01-B92A-4370-92CA-E5A54F68BFE7}.Release|x86.ActiveCfg = Release|Any CPU
		{2E457C79-9374-4901-9A38-FDECF3DC3C9F}.Debug|Any CPU.ActiveCfg = Debug|Any CPU
		{2E457C79-9374-4901-9A38-FDECF3DC3C9F}.Debug|Any CPU.Build.0 = Debug|Any CPU
		{2E457C79-9374-4901-9A38-FDECF3DC3C9F}.Debug|Mixed Platforms.ActiveCfg = Debug|Any CPU
		{2E457C79-9374-4901-9A38-FDECF3DC3C9F}.Debug|Mixed Platforms.Build.0 = Debug|Any CPU
		{2E457C79-9374-4901-9A38-FDECF3DC3C9F}.Debug|x64.ActiveCfg = Debug|Any CPU
		{2E457C79-9374-4901-9A38-FDECF3DC3C9F}.Debug|x86.ActiveCfg = Debug|Any CPU
		{2E457C79-9374-4901-9A38-FDECF3DC3C9F}.Release|Any CPU.ActiveCfg = Release|Any CPU
		{2E457C79-9374-4901-9A38-FDECF3DC3C9F}.Release|Any CPU.Build.0 = Release|Any CPU
		{2E457C79-9374-4901-9A38-FDECF3DC3C9F}.Release|Mixed Platforms.ActiveCfg = Release|Any CPU
		{2E457C79-9374-4901-9A38-FDECF3DC3C9F}.Release|Mixed Platforms.Build.0 = Release|Any CPU
		{2E457C79-9374-4901-9A38-FDECF3DC3C9F}.Release|x64.ActiveCfg = Release|Any CPU
		{2E457C79-9374-4901-9A38-FDECF3DC3C9F}.Release|x86.ActiveCfg = Release|Any CPU
		{A15B45FE-A56C-45A7-B38D-505B6325B427}.Debug|Any CPU.ActiveCfg = Debug|Any CPU
		{A15B45FE-A56C-45A7-B38D-505B6325B427}.Debug|Any CPU.Build.0 = Debug|Any CPU
		{A15B45FE-A56C-45A7-B38D-505B6325B427}.Debug|Mixed Platforms.ActiveCfg = Debug|Any CPU
		{A15B45FE-A56C-45A7-B38D-505B6325B427}.Debug|Mixed Platforms.Build.0 = Debug|Any CPU
		{A15B45FE-A56C-45A7-B38D-505B6325B427}.Debug|x64.ActiveCfg = Debug|Any CPU
		{A15B45FE-A56C-45A7-B38D-505B6325B427}.Debug|x86.ActiveCfg = Debug|Any CPU
		{A15B45FE-A56C-45A7-B38D-505B6325B427}.Release|Any CPU.ActiveCfg = Release|Any CPU
		{A15B45FE-A56C-45A7-B38D-505B6325B427}.Release|Any CPU.Build.0 = Release|Any CPU
		{A15B45FE-A56C-45A7-B38D-505B6325B427}.Release|Mixed Platforms.ActiveCfg = Release|Any CPU
		{A15B45FE-A56C-45A7-B38D-505B6325B427}.Release|Mixed Platforms.Build.0 = Release|Any CPU
		{A15B45FE-A56C-45A7-B38D-505B6325B427}.Release|x64.ActiveCfg = Release|Any CPU
		{A15B45FE-A56C-45A7-B38D-505B6325B427}.Release|x86.ActiveCfg = Release|Any CPU
		{F8DB7F62-B17C-4FF8-80C4-753B3D37ED20}.Debug|Any CPU.ActiveCfg = Debug|Any CPU
		{F8DB7F62-B17C-4FF8-80C4-753B3D37ED20}.Debug|Any CPU.Build.0 = Debug|Any CPU
		{F8DB7F62-B17C-4FF8-80C4-753B3D37ED20}.Debug|Mixed Platforms.ActiveCfg = Debug|Any CPU
		{F8DB7F62-B17C-4FF8-80C4-753B3D37ED20}.Debug|Mixed Platforms.Build.0 = Debug|Any CPU
		{F8DB7F62-B17C-4FF8-80C4-753B3D37ED20}.Debug|x64.ActiveCfg = Debug|Any CPU
		{F8DB7F62-B17C-4FF8-80C4-753B3D37ED20}.Debug|x86.ActiveCfg = Debug|Any CPU
		{F8DB7F62-B17C-4FF8-80C4-753B3D37ED20}.Release|Any CPU.ActiveCfg = Release|Any CPU
		{F8DB7F62-B17C-4FF8-80C4-753B3D37ED20}.Release|Any CPU.Build.0 = Release|Any CPU
		{F8DB7F62-B17C-4FF8-80C4-753B3D37ED20}.Release|Mixed Platforms.ActiveCfg = Release|Any CPU
		{F8DB7F62-B17C-4FF8-80C4-753B3D37ED20}.Release|Mixed Platforms.Build.0 = Release|Any CPU
		{F8DB7F62-B17C-4FF8-80C4-753B3D37ED20}.Release|x64.ActiveCfg = Release|Any CPU
		{F8DB7F62-B17C-4FF8-80C4-753B3D37ED20}.Release|x86.ActiveCfg = Release|Any CPU
		{8CE73DB2-7512-4003-BFB8-BD63D526A8C0}.Debug|Any CPU.ActiveCfg = Debug|Any CPU
		{8CE73DB2-7512-4003-BFB8-BD63D526A8C0}.Debug|Any CPU.Build.0 = Debug|Any CPU
		{8CE73DB2-7512-4003-BFB8-BD63D526A8C0}.Debug|Mixed Platforms.ActiveCfg = Debug|Any CPU
		{8CE73DB2-7512-4003-BFB8-BD63D526A8C0}.Debug|Mixed Platforms.Build.0 = Debug|Any CPU
		{8CE73DB2-7512-4003-BFB8-BD63D526A8C0}.Debug|x64.ActiveCfg = Debug|Any CPU
		{8CE73DB2-7512-4003-BFB8-BD63D526A8C0}.Debug|x86.ActiveCfg = Debug|Any CPU
		{8CE73DB2-7512-4003-BFB8-BD63D526A8C0}.Release|Any CPU.ActiveCfg = Release|Any CPU
		{8CE73DB2-7512-4003-BFB8-BD63D526A8C0}.Release|Any CPU.Build.0 = Release|Any CPU
		{8CE73DB2-7512-4003-BFB8-BD63D526A8C0}.Release|Mixed Platforms.ActiveCfg = Release|Any CPU
		{8CE73DB2-7512-4003-BFB8-BD63D526A8C0}.Release|Mixed Platforms.Build.0 = Release|Any CPU
		{8CE73DB2-7512-4003-BFB8-BD63D526A8C0}.Release|x64.ActiveCfg = Release|Any CPU
		{8CE73DB2-7512-4003-BFB8-BD63D526A8C0}.Release|x86.ActiveCfg = Release|Any CPU
	EndGlobalSection
	GlobalSection(SolutionProperties) = preSolution
		HideSolutionNode = FALSE
	EndGlobalSection
EndGlobal
